// !$*UTF8*$!
{
	archiveVersion = 1;
	classes = {
	};
	objectVersion = 50;
	objects = {

/* Begin PBXBuildFile section */
		55D4D192218B7CAF00CB371C /* ViewDataViewController.swift in Sources */ = {isa = PBXBuildFile; fileRef = 55D4D191218B7CAF00CB371C /* ViewDataViewController.swift */; };
		55D4D194218B813100CB371C /* YearContainer.swift in Sources */ = {isa = PBXBuildFile; fileRef = 55D4D193218B813100CB371C /* YearContainer.swift */; };
		55D4D196218B888C00CB371C /* MonthContainer.swift in Sources */ = {isa = PBXBuildFile; fileRef = 55D4D195218B888C00CB371C /* MonthContainer.swift */; };
		55D4D199218B8AA600CB371C /* WeekContainer.swift in Sources */ = {isa = PBXBuildFile; fileRef = 55D4D198218B8AA600CB371C /* WeekContainer.swift */; };
		55D4D19B218B94AA00CB371C /* WeekBarContainer.swift in Sources */ = {isa = PBXBuildFile; fileRef = 55D4D19A218B94AA00CB371C /* WeekBarContainer.swift */; };
		55D4D1B0218D991700CB371C /* MonthBarContainer.swift in Sources */ = {isa = PBXBuildFile; fileRef = 55D4D1AF218D991700CB371C /* MonthBarContainer.swift */; };
		55D4D1B2218D9D9A00CB371C /* YearBarContainer.swift in Sources */ = {isa = PBXBuildFile; fileRef = 55D4D1B1218D9D9A00CB371C /* YearBarContainer.swift */; };
		80EF89CB21814DA400872F5B /* MotionObserver.swift in Sources */ = {isa = PBXBuildFile; fileRef = 80EF89CA21814DA400872F5B /* MotionObserver.swift */; };
		80EF89CD2181638700872F5B /* InstructionsForTrackingViewController.swift in Sources */ = {isa = PBXBuildFile; fileRef = 80EF89CC2181638700872F5B /* InstructionsForTrackingViewController.swift */; };
		A50B2529218F9D610033AA48 /* DailyExerciseViewController.swift in Sources */ = {isa = PBXBuildFile; fileRef = A50B2528218F9D610033AA48 /* DailyExerciseViewController.swift */; };
		A50B2531218FA6F10033AA48 /* DailyExerciseTableViewCell.swift in Sources */ = {isa = PBXBuildFile; fileRef = A50B2530218FA6F10033AA48 /* DailyExerciseTableViewCell.swift */; };
		A50B2533218FAB4D0033AA48 /* AllExerciseViewController.swift in Sources */ = {isa = PBXBuildFile; fileRef = A50B2532218FAB4D0033AA48 /* AllExerciseViewController.swift */; };
		A50B2535218FAE920033AA48 /* AllExerciseTableViewCell.swift in Sources */ = {isa = PBXBuildFile; fileRef = A50B2534218FAE920033AA48 /* AllExerciseTableViewCell.swift */; };
		A5B4C6A12183D63B00A71E9B /* Measure.storyboard in Resources */ = {isa = PBXBuildFile; fileRef = A5B4C69F2183D63B00A71E9B /* Measure.storyboard */; };
		A5B4C6A32183D65700A71E9B /* Exercise.storyboard in Resources */ = {isa = PBXBuildFile; fileRef = A5B4C6A22183D65700A71E9B /* Exercise.storyboard */; };
		A5B4C6A62183D67000A71E9B /* ViewData.storyboard in Resources */ = {isa = PBXBuildFile; fileRef = A5B4C6A42183D67000A71E9B /* ViewData.storyboard */; };
		A5B4C6A82183D68000A71E9B /* Medicine.storyboard in Resources */ = {isa = PBXBuildFile; fileRef = A5B4C6A72183D68000A71E9B /* Medicine.storyboard */; };
		A5E1D110218955D3001D8814 /* ToggleButton.swift in Sources */ = {isa = PBXBuildFile; fileRef = A5E1D10F218955D3001D8814 /* ToggleButton.swift */; };
		A81150DE218E53BB005478EE /* AllMedicationViewController.swift in Sources */ = {isa = PBXBuildFile; fileRef = A81150DD218E53BB005478EE /* AllMedicationViewController.swift */; };
		A81150E0218E588E005478EE /* AllMedicationTableViewCell.swift in Sources */ = {isa = PBXBuildFile; fileRef = A81150DF218E588E005478EE /* AllMedicationTableViewCell.swift */; };
		A83CF0B6218D4995002C3E50 /* MedicationTests.swift in Sources */ = {isa = PBXBuildFile; fileRef = A83CF0B5218D4995002C3E50 /* MedicationTests.swift */; };
		A8F8A206218A56A30044342D /* DailyMedicationViewController.swift in Sources */ = {isa = PBXBuildFile; fileRef = A8F8A205218A56A30044342D /* DailyMedicationViewController.swift */; };
		A8F8A20E218A59170044342D /* DailyMedicationTableViewCell.swift in Sources */ = {isa = PBXBuildFile; fileRef = A8F8A20D218A59170044342D /* DailyMedicationTableViewCell.swift */; };
		E04F6FD32182979C000AF2F6 /* CountdownViewController.swift in Sources */ = {isa = PBXBuildFile; fileRef = E04F6FD22182979C000AF2F6 /* CountdownViewController.swift */; };
		E0B1033C218B720D00F0B96E /* libraries in Resources */ = {isa = PBXBuildFile; fileRef = E0B10335218B720D00F0B96E /* libraries */; };
		E0B10353218B77D500F0B96E /* Charts.framework in Frameworks */ = {isa = PBXBuildFile; fileRef = E0B10343218B724600F0B96E /* Charts.framework */; };
		E0B10354218B77D500F0B96E /* Charts.framework in Embed Frameworks */ = {isa = PBXBuildFile; fileRef = E0B10343218B724600F0B96E /* Charts.framework */; settings = {ATTRIBUTES = (CodeSignOnCopy, RemoveHeadersOnCopy, ); }; };
		E0BF93E1218692640097767F /* DatabaseManager.swift in Sources */ = {isa = PBXBuildFile; fileRef = E0BF93DF218692640097767F /* DatabaseManager.swift */; };
		E0BF93E2218692640097767F /* types.swift in Sources */ = {isa = PBXBuildFile; fileRef = E0BF93E0218692640097767F /* types.swift */; };
		E0BF93E4218692870097767F /* SQLite.framework in Frameworks */ = {isa = PBXBuildFile; fileRef = E0BF93D2218691E10097767F /* SQLite.framework */; };
		E0BF93E5218692870097767F /* SQLite.framework in Embed Frameworks */ = {isa = PBXBuildFile; fileRef = E0BF93D2218691E10097767F /* SQLite.framework */; settings = {ATTRIBUTES = (CodeSignOnCopy, RemoveHeadersOnCopy, ); }; };
		E0D5F0E52188CA32008BFC97 /* TremorController.swift in Sources */ = {isa = PBXBuildFile; fileRef = E0D5F0E42188CA32008BFC97 /* TremorController.swift */; };
		E0D5F0E92188CAE4008BFC97 /* RecordRestingViewController.swift in Sources */ = {isa = PBXBuildFile; fileRef = E0D5F0E62188CAE4008BFC97 /* RecordRestingViewController.swift */; };
		E0D5F0EA2188CAE4008BFC97 /* DisplaySeverityViewController.swift in Sources */ = {isa = PBXBuildFile; fileRef = E0D5F0E72188CAE4008BFC97 /* DisplaySeverityViewController.swift */; };
		E0D5F0EB2188CAE4008BFC97 /* RecordPosturalViewController.swift in Sources */ = {isa = PBXBuildFile; fileRef = E0D5F0E82188CAE4008BFC97 /* RecordPosturalViewController.swift */; };
		E0FEE120217EB76B00C72D7C /* AppDelegate.swift in Sources */ = {isa = PBXBuildFile; fileRef = E0FEE11F217EB76B00C72D7C /* AppDelegate.swift */; };
		E0FEE122217EB76B00C72D7C /* MainViewController.swift in Sources */ = {isa = PBXBuildFile; fileRef = E0FEE121217EB76B00C72D7C /* MainViewController.swift */; };
		E0FEE125217EB76B00C72D7C /* Main.storyboard in Resources */ = {isa = PBXBuildFile; fileRef = E0FEE123217EB76B00C72D7C /* Main.storyboard */; };
		E0FEE127217EB76D00C72D7C /* Assets.xcassets in Resources */ = {isa = PBXBuildFile; fileRef = E0FEE126217EB76D00C72D7C /* Assets.xcassets */; };
		E0FEE12A217EB76D00C72D7C /* LaunchScreen.storyboard in Resources */ = {isa = PBXBuildFile; fileRef = E0FEE128217EB76D00C72D7C /* LaunchScreen.storyboard */; };
		E0FEE135217EB76D00C72D7C /* tremrTests.swift in Sources */ = {isa = PBXBuildFile; fileRef = E0FEE134217EB76D00C72D7C /* tremrTests.swift */; };
		E0FEE140217EB76D00C72D7C /* tremrUITests.swift in Sources */ = {isa = PBXBuildFile; fileRef = E0FEE13F217EB76D00C72D7C /* tremrUITests.swift */; };
		E0FEE14E217ECB4300C72D7C /* MeasureViewController.swift in Sources */ = {isa = PBXBuildFile; fileRef = E0FEE14D217ECB4300C72D7C /* MeasureViewController.swift */; };
		E0FEE152217ECCE900C72D7C /* ExerciseViewController.swift in Sources */ = {isa = PBXBuildFile; fileRef = E0FEE151217ECCE900C72D7C /* ExerciseViewController.swift */; };
		E0FEE154217ECD1000C72D7C /* MedicationViewController.swift in Sources */ = {isa = PBXBuildFile; fileRef = E0FEE153217ECD1000C72D7C /* MedicationViewController.swift */; };
/* End PBXBuildFile section */

/* Begin PBXContainerItemProxy section */
		E0B10342218B724600F0B96E /* PBXContainerItemProxy */ = {
			isa = PBXContainerItemProxy;
			containerPortal = E0B1033D218B724600F0B96E /* Charts.xcodeproj */;
			proxyType = 2;
			remoteGlobalIDString = 65AD9E95D9ED4DC0BD73A743;
			remoteInfo = Charts;
		};
		E0B10355218B77D500F0B96E /* PBXContainerItemProxy */ = {
			isa = PBXContainerItemProxy;
			containerPortal = E0B1033D218B724600F0B96E /* Charts.xcodeproj */;
			proxyType = 1;
			remoteGlobalIDString = A58A4ED274A941CA248EA921;
			remoteInfo = Charts;
		};
		E0BF93D1218691E10097767F /* PBXContainerItemProxy */ = {
			isa = PBXContainerItemProxy;
			containerPortal = E0BF93C7218691E10097767F /* SQLite.xcodeproj */;
			proxyType = 2;
			remoteGlobalIDString = EE247AD31C3F04ED00AE3E12;
			remoteInfo = "SQLite iOS";
		};
		E0BF93D3218691E10097767F /* PBXContainerItemProxy */ = {
			isa = PBXContainerItemProxy;
			containerPortal = E0BF93C7218691E10097767F /* SQLite.xcodeproj */;
			proxyType = 2;
			remoteGlobalIDString = EE247ADD1C3F04ED00AE3E12;
			remoteInfo = "SQLiteTests iOS";
		};
		E0BF93D5218691E10097767F /* PBXContainerItemProxy */ = {
			isa = PBXContainerItemProxy;
			containerPortal = E0BF93C7218691E10097767F /* SQLite.xcodeproj */;
			proxyType = 2;
			remoteGlobalIDString = EE247B3C1C3F3ED000AE3E12;
			remoteInfo = "SQLite Mac";
		};
		E0BF93D7218691E10097767F /* PBXContainerItemProxy */ = {
			isa = PBXContainerItemProxy;
			containerPortal = E0BF93C7218691E10097767F /* SQLite.xcodeproj */;
			proxyType = 2;
			remoteGlobalIDString = EE247B451C3F3ED000AE3E12;
			remoteInfo = "SQLiteTests Mac";
		};
		E0BF93D9218691E10097767F /* PBXContainerItemProxy */ = {
			isa = PBXContainerItemProxy;
			containerPortal = E0BF93C7218691E10097767F /* SQLite.xcodeproj */;
			proxyType = 2;
			remoteGlobalIDString = 03A65E5A1C6BB0F50062603F;
			remoteInfo = "SQLite tvOS";
		};
		E0BF93DB218691E10097767F /* PBXContainerItemProxy */ = {
			isa = PBXContainerItemProxy;
			containerPortal = E0BF93C7218691E10097767F /* SQLite.xcodeproj */;
			proxyType = 2;
			remoteGlobalIDString = 03A65E631C6BB0F60062603F;
			remoteInfo = "SQLiteTests tvOS";
		};
		E0BF93DD218691E10097767F /* PBXContainerItemProxy */ = {
			isa = PBXContainerItemProxy;
			containerPortal = E0BF93C7218691E10097767F /* SQLite.xcodeproj */;
			proxyType = 2;
			remoteGlobalIDString = A121AC451CA35C79005A31D1;
			remoteInfo = "SQLite watchOS";
		};
		E0BF93E6218692870097767F /* PBXContainerItemProxy */ = {
			isa = PBXContainerItemProxy;
			containerPortal = E0BF93C7218691E10097767F /* SQLite.xcodeproj */;
			proxyType = 1;
			remoteGlobalIDString = EE247AD21C3F04ED00AE3E12;
			remoteInfo = "SQLite iOS";
		};
		E0FEE131217EB76D00C72D7C /* PBXContainerItemProxy */ = {
			isa = PBXContainerItemProxy;
			containerPortal = E0FEE114217EB76B00C72D7C /* Project object */;
			proxyType = 1;
			remoteGlobalIDString = E0FEE11B217EB76B00C72D7C;
			remoteInfo = tremr;
		};
		E0FEE13C217EB76D00C72D7C /* PBXContainerItemProxy */ = {
			isa = PBXContainerItemProxy;
			containerPortal = E0FEE114217EB76B00C72D7C /* Project object */;
			proxyType = 1;
			remoteGlobalIDString = E0FEE11B217EB76B00C72D7C;
			remoteInfo = tremr;
		};
		E0FF3F09218F9B4600877FE4 /* PBXContainerItemProxy */ = {
			isa = PBXContainerItemProxy;
			containerPortal = E0B1033D218B724600F0B96E /* Charts.xcodeproj */;
			proxyType = 2;
			remoteGlobalIDString = 65AD9E95D9ED4DC0BD73A743;
			remoteInfo = Charts;
		};
		E0FF3F0B218F9B4600877FE4 /* PBXContainerItemProxy */ = {
			isa = PBXContainerItemProxy;
			containerPortal = E0B1033D218B724600F0B96E /* Charts.xcodeproj */;
			proxyType = 2;
			remoteGlobalIDString = 1CBBC58C6CE1EBEE9852CE41;
			remoteInfo = ChartsTests;
		};
/* End PBXContainerItemProxy section */

/* Begin PBXCopyFilesBuildPhase section */
		E0BF93C521868FB30097767F /* Embed Frameworks */ = {
			isa = PBXCopyFilesBuildPhase;
			buildActionMask = 2147483647;
			dstPath = "";
			dstSubfolderSpec = 10;
			files = (
				E0BF93E5218692870097767F /* SQLite.framework in Embed Frameworks */,
				E0B10354218B77D500F0B96E /* Charts.framework in Embed Frameworks */,
			);
			name = "Embed Frameworks";
			runOnlyForDeploymentPostprocessing = 0;
		};
/* End PBXCopyFilesBuildPhase section */

/* Begin PBXFileReference section */
		55D4D191218B7CAF00CB371C /* ViewDataViewController.swift */ = {isa = PBXFileReference; lastKnownFileType = sourcecode.swift; path = ViewDataViewController.swift; sourceTree = "<group>"; };
		55D4D193218B813100CB371C /* YearContainer.swift */ = {isa = PBXFileReference; lastKnownFileType = sourcecode.swift; path = YearContainer.swift; sourceTree = "<group>"; };
		55D4D195218B888C00CB371C /* MonthContainer.swift */ = {isa = PBXFileReference; lastKnownFileType = sourcecode.swift; path = MonthContainer.swift; sourceTree = "<group>"; };
		55D4D198218B8AA600CB371C /* WeekContainer.swift */ = {isa = PBXFileReference; lastKnownFileType = sourcecode.swift; path = WeekContainer.swift; sourceTree = "<group>"; };
		55D4D19A218B94AA00CB371C /* WeekBarContainer.swift */ = {isa = PBXFileReference; lastKnownFileType = sourcecode.swift; path = WeekBarContainer.swift; sourceTree = "<group>"; };
		55D4D1AF218D991700CB371C /* MonthBarContainer.swift */ = {isa = PBXFileReference; lastKnownFileType = sourcecode.swift; path = MonthBarContainer.swift; sourceTree = "<group>"; };
		55D4D1B1218D9D9A00CB371C /* YearBarContainer.swift */ = {isa = PBXFileReference; lastKnownFileType = sourcecode.swift; path = YearBarContainer.swift; sourceTree = "<group>"; };
		80EF89CA21814DA400872F5B /* MotionObserver.swift */ = {isa = PBXFileReference; lastKnownFileType = sourcecode.swift; path = MotionObserver.swift; sourceTree = "<group>"; };
		80EF89CC2181638700872F5B /* InstructionsForTrackingViewController.swift */ = {isa = PBXFileReference; lastKnownFileType = sourcecode.swift; path = InstructionsForTrackingViewController.swift; sourceTree = "<group>"; };
		A50B2528218F9D610033AA48 /* DailyExerciseViewController.swift */ = {isa = PBXFileReference; lastKnownFileType = sourcecode.swift; path = DailyExerciseViewController.swift; sourceTree = "<group>"; };
		A50B2530218FA6F10033AA48 /* DailyExerciseTableViewCell.swift */ = {isa = PBXFileReference; lastKnownFileType = sourcecode.swift; path = DailyExerciseTableViewCell.swift; sourceTree = "<group>"; };
		A50B2532218FAB4D0033AA48 /* AllExerciseViewController.swift */ = {isa = PBXFileReference; lastKnownFileType = sourcecode.swift; path = AllExerciseViewController.swift; sourceTree = "<group>"; };
		A50B2534218FAE920033AA48 /* AllExerciseTableViewCell.swift */ = {isa = PBXFileReference; lastKnownFileType = sourcecode.swift; path = AllExerciseTableViewCell.swift; sourceTree = "<group>"; };
		A5B4C6A02183D63B00A71E9B /* Base */ = {isa = PBXFileReference; lastKnownFileType = file.storyboard; name = Base; path = tremr/Base.lproj/Measure.storyboard; sourceTree = "<group>"; };
		A5B4C6A22183D65700A71E9B /* Exercise.storyboard */ = {isa = PBXFileReference; fileEncoding = 4; lastKnownFileType = file.storyboard; path = Exercise.storyboard; sourceTree = "<group>"; };
		A5B4C6A52183D67000A71E9B /* Base */ = {isa = PBXFileReference; lastKnownFileType = file.storyboard; name = Base; path = tremr/Base.lproj/ViewData.storyboard; sourceTree = "<group>"; };
		A5B4C6A72183D68000A71E9B /* Medicine.storyboard */ = {isa = PBXFileReference; fileEncoding = 4; lastKnownFileType = file.storyboard; path = Medicine.storyboard; sourceTree = "<group>"; };
		A5E1D10F218955D3001D8814 /* ToggleButton.swift */ = {isa = PBXFileReference; lastKnownFileType = sourcecode.swift; path = ToggleButton.swift; sourceTree = "<group>"; };
		A81150DD218E53BB005478EE /* AllMedicationViewController.swift */ = {isa = PBXFileReference; lastKnownFileType = sourcecode.swift; path = AllMedicationViewController.swift; sourceTree = "<group>"; };
		A81150DF218E588E005478EE /* AllMedicationTableViewCell.swift */ = {isa = PBXFileReference; lastKnownFileType = sourcecode.swift; path = AllMedicationTableViewCell.swift; sourceTree = "<group>"; };
		A83CF0B5218D4995002C3E50 /* MedicationTests.swift */ = {isa = PBXFileReference; lastKnownFileType = sourcecode.swift; path = MedicationTests.swift; sourceTree = "<group>"; };
		A8F8A205218A56A30044342D /* DailyMedicationViewController.swift */ = {isa = PBXFileReference; lastKnownFileType = sourcecode.swift; path = DailyMedicationViewController.swift; sourceTree = "<group>"; };
		A8F8A20D218A59170044342D /* DailyMedicationTableViewCell.swift */ = {isa = PBXFileReference; lastKnownFileType = sourcecode.swift; path = DailyMedicationTableViewCell.swift; sourceTree = "<group>"; };
		E04F6FD22182979C000AF2F6 /* CountdownViewController.swift */ = {isa = PBXFileReference; lastKnownFileType = sourcecode.swift; path = CountdownViewController.swift; sourceTree = "<group>"; };
		E0B10335218B720D00F0B96E /* libraries */ = {isa = PBXFileReference; lastKnownFileType = folder; path = libraries; sourceTree = "<group>"; };
		E0B1033D218B724600F0B96E /* Charts.xcodeproj */ = {isa = PBXFileReference; lastKnownFileType = "wrapper.pb-project"; name = Charts.xcodeproj; path = libraries/charts/Charts.xcodeproj; sourceTree = "<group>"; };
		E0BF93C7218691E10097767F /* SQLite.xcodeproj */ = {isa = PBXFileReference; lastKnownFileType = "wrapper.pb-project"; name = SQLite.xcodeproj; path = "libraries/SQLite.swift-master/SQLite.xcodeproj"; sourceTree = "<group>"; };
		E0BF93DF218692640097767F /* DatabaseManager.swift */ = {isa = PBXFileReference; fileEncoding = 4; lastKnownFileType = sourcecode.swift; path = DatabaseManager.swift; sourceTree = "<group>"; };
		E0BF93E0218692640097767F /* types.swift */ = {isa = PBXFileReference; fileEncoding = 4; lastKnownFileType = sourcecode.swift; path = types.swift; sourceTree = "<group>"; };
		E0D5F0E42188CA32008BFC97 /* TremorController.swift */ = {isa = PBXFileReference; fileEncoding = 4; lastKnownFileType = sourcecode.swift; path = TremorController.swift; sourceTree = "<group>"; };
		E0D5F0E62188CAE4008BFC97 /* RecordRestingViewController.swift */ = {isa = PBXFileReference; fileEncoding = 4; lastKnownFileType = sourcecode.swift; path = RecordRestingViewController.swift; sourceTree = "<group>"; };
		E0D5F0E72188CAE4008BFC97 /* DisplaySeverityViewController.swift */ = {isa = PBXFileReference; fileEncoding = 4; lastKnownFileType = sourcecode.swift; path = DisplaySeverityViewController.swift; sourceTree = "<group>"; };
		E0D5F0E82188CAE4008BFC97 /* RecordPosturalViewController.swift */ = {isa = PBXFileReference; fileEncoding = 4; lastKnownFileType = sourcecode.swift; path = RecordPosturalViewController.swift; sourceTree = "<group>"; };
		E0FEE11C217EB76B00C72D7C /* tremr.app */ = {isa = PBXFileReference; explicitFileType = wrapper.application; includeInIndex = 0; path = tremr.app; sourceTree = BUILT_PRODUCTS_DIR; };
		E0FEE11F217EB76B00C72D7C /* AppDelegate.swift */ = {isa = PBXFileReference; lastKnownFileType = sourcecode.swift; path = AppDelegate.swift; sourceTree = "<group>"; };
		E0FEE121217EB76B00C72D7C /* MainViewController.swift */ = {isa = PBXFileReference; lastKnownFileType = sourcecode.swift; path = MainViewController.swift; sourceTree = "<group>"; };
		E0FEE124217EB76B00C72D7C /* Base */ = {isa = PBXFileReference; lastKnownFileType = file.storyboard; name = Base; path = Base.lproj/Main.storyboard; sourceTree = "<group>"; };
		E0FEE126217EB76D00C72D7C /* Assets.xcassets */ = {isa = PBXFileReference; lastKnownFileType = folder.assetcatalog; path = Assets.xcassets; sourceTree = "<group>"; };
		E0FEE129217EB76D00C72D7C /* Base */ = {isa = PBXFileReference; lastKnownFileType = file.storyboard; name = Base; path = Base.lproj/LaunchScreen.storyboard; sourceTree = "<group>"; };
		E0FEE12B217EB76D00C72D7C /* Info.plist */ = {isa = PBXFileReference; lastKnownFileType = text.plist.xml; path = Info.plist; sourceTree = "<group>"; };
		E0FEE130217EB76D00C72D7C /* tremrTests.xctest */ = {isa = PBXFileReference; explicitFileType = wrapper.cfbundle; includeInIndex = 0; path = tremrTests.xctest; sourceTree = BUILT_PRODUCTS_DIR; };
		E0FEE134217EB76D00C72D7C /* tremrTests.swift */ = {isa = PBXFileReference; lastKnownFileType = sourcecode.swift; path = tremrTests.swift; sourceTree = "<group>"; };
		E0FEE136217EB76D00C72D7C /* Info.plist */ = {isa = PBXFileReference; lastKnownFileType = text.plist.xml; path = Info.plist; sourceTree = "<group>"; };
		E0FEE13B217EB76D00C72D7C /* tremrUITests.xctest */ = {isa = PBXFileReference; explicitFileType = wrapper.cfbundle; includeInIndex = 0; path = tremrUITests.xctest; sourceTree = BUILT_PRODUCTS_DIR; };
		E0FEE13F217EB76D00C72D7C /* tremrUITests.swift */ = {isa = PBXFileReference; lastKnownFileType = sourcecode.swift; path = tremrUITests.swift; sourceTree = "<group>"; };
		E0FEE141217EB76D00C72D7C /* Info.plist */ = {isa = PBXFileReference; lastKnownFileType = text.plist.xml; path = Info.plist; sourceTree = "<group>"; };
		E0FEE14D217ECB4300C72D7C /* MeasureViewController.swift */ = {isa = PBXFileReference; lastKnownFileType = sourcecode.swift; path = MeasureViewController.swift; sourceTree = "<group>"; };
		E0FEE151217ECCE900C72D7C /* ExerciseViewController.swift */ = {isa = PBXFileReference; lastKnownFileType = sourcecode.swift; path = ExerciseViewController.swift; sourceTree = "<group>"; };
		E0FEE153217ECD1000C72D7C /* MedicationViewController.swift */ = {isa = PBXFileReference; lastKnownFileType = sourcecode.swift; path = MedicationViewController.swift; sourceTree = "<group>"; };
/* End PBXFileReference section */

/* Begin PBXFrameworksBuildPhase section */
		E0FEE119217EB76B00C72D7C /* Frameworks */ = {
			isa = PBXFrameworksBuildPhase;
			buildActionMask = 2147483647;
			files = (
				E0BF93E4218692870097767F /* SQLite.framework in Frameworks */,
				E0B10353218B77D500F0B96E /* Charts.framework in Frameworks */,
			);
			runOnlyForDeploymentPostprocessing = 0;
		};
		E0FEE12D217EB76D00C72D7C /* Frameworks */ = {
			isa = PBXFrameworksBuildPhase;
			buildActionMask = 2147483647;
			files = (
			);
			runOnlyForDeploymentPostprocessing = 0;
		};
		E0FEE138217EB76D00C72D7C /* Frameworks */ = {
			isa = PBXFrameworksBuildPhase;
			buildActionMask = 2147483647;
			files = (
			);
			runOnlyForDeploymentPostprocessing = 0;
		};
/* End PBXFrameworksBuildPhase section */

/* Begin PBXGroup section */
		A5760018218AB42F007A641F /* Assets */ = {
			isa = PBXGroup;
			children = (
			);
			path = Assets;
			sourceTree = "<group>";
		};
		A5E1D108218955B4001D8814 /* SubClasses */ = {
			isa = PBXGroup;
			children = (
				A5E1D10F218955D3001D8814 /* ToggleButton.swift */,
			);
			path = SubClasses;
			sourceTree = "<group>";
		};
		E0BF93AD21868DBE0097767F /* Frameworks */ = {
			isa = PBXGroup;
			children = (
				E0B1033D218B724600F0B96E /* Charts.xcodeproj */,
				E0BF93C7218691E10097767F /* SQLite.xcodeproj */,
			);
			name = Frameworks;
			sourceTree = "<group>";
		};
		E0BF93C8218691E10097767F /* Products */ = {
			isa = PBXGroup;
			children = (
				E0BF93D2218691E10097767F /* SQLite.framework */,
				E0BF93D4218691E10097767F /* SQLiteTests iOS.xctest */,
				E0BF93D6218691E10097767F /* SQLite.framework */,
				E0BF93D8218691E10097767F /* SQLiteTests Mac.xctest */,
				E0BF93DA218691E10097767F /* SQLite.framework */,
				E0BF93DC218691E10097767F /* SQLiteTests tvOS.xctest */,
				E0BF93DE218691E10097767F /* SQLite.framework */,
			);
			name = Products;
			sourceTree = "<group>";
		};
		E0FEE113217EB76B00C72D7C = {
			isa = PBXGroup;
			children = (
				E0B10335218B720D00F0B96E /* libraries */,
				E0FEE11E217EB76B00C72D7C /* tremr */,
				E0FEE133217EB76D00C72D7C /* tremrTests */,
				E0FEE13E217EB76D00C72D7C /* tremrUITests */,
				E0FEE11D217EB76B00C72D7C /* Products */,
				E0BF93AD21868DBE0097767F /* Frameworks */,
				E0FF3F07218F9B4600877FE4 /* Recovered References */,
			);
			sourceTree = "<group>";
		};
		E0FEE11D217EB76B00C72D7C /* Products */ = {
			isa = PBXGroup;
			children = (
				E0FEE11C217EB76B00C72D7C /* tremr.app */,
				E0FEE130217EB76D00C72D7C /* tremrTests.xctest */,
				E0FEE13B217EB76D00C72D7C /* tremrUITests.xctest */,
			);
			name = Products;
			sourceTree = "<group>";
		};
		E0FEE11E217EB76B00C72D7C /* tremr */ = {
			isa = PBXGroup;
			children = (
				A5760018218AB42F007A641F /* Assets */,
				A5E1D108218955B4001D8814 /* SubClasses */,
				E0FEE158217ECDF800C72D7C /* ViewControllers */,
				E0FEE11F217EB76B00C72D7C /* AppDelegate.swift */,
				E0BF93E0218692640097767F /* types.swift */,
				E0BF93DF218692640097767F /* DatabaseManager.swift */,
				E0D5F0E42188CA32008BFC97 /* TremorController.swift */,
				E0FEE123217EB76B00C72D7C /* Main.storyboard */,
				E0FEE126217EB76D00C72D7C /* Assets.xcassets */,
				A5B4C69F2183D63B00A71E9B /* Measure.storyboard */,
				A5B4C6A22183D65700A71E9B /* Exercise.storyboard */,
				A5B4C6A72183D68000A71E9B /* Medicine.storyboard */,
				A5B4C6A42183D67000A71E9B /* ViewData.storyboard */,
				E0FEE128217EB76D00C72D7C /* LaunchScreen.storyboard */,
				E0FEE12B217EB76D00C72D7C /* Info.plist */,
				80EF89CA21814DA400872F5B /* MotionObserver.swift */,
			);
			path = tremr;
			sourceTree = "<group>";
		};
		E0FEE133217EB76D00C72D7C /* tremrTests */ = {
			isa = PBXGroup;
			children = (
				E0FEE134217EB76D00C72D7C /* tremrTests.swift */,
				A83CF0B5218D4995002C3E50 /* MedicationTests.swift */,
				E0FEE136217EB76D00C72D7C /* Info.plist */,
			);
			path = tremrTests;
			sourceTree = "<group>";
		};
		E0FEE13E217EB76D00C72D7C /* tremrUITests */ = {
			isa = PBXGroup;
			children = (
				E0FEE13F217EB76D00C72D7C /* tremrUITests.swift */,
				E0FEE141217EB76D00C72D7C /* Info.plist */,
			);
			path = tremrUITests;
			sourceTree = "<group>";
		};
		E0FEE158217ECDF800C72D7C /* ViewControllers */ = {
			isa = PBXGroup;
			children = (
				A50B2534218FAE920033AA48 /* AllExerciseTableViewCell.swift */,
				A50B2530218FA6F10033AA48 /* DailyExerciseTableViewCell.swift */,
				A50B2528218F9D610033AA48 /* DailyExerciseViewController.swift */,
				E0D5F0E72188CAE4008BFC97 /* DisplaySeverityViewController.swift */,
				E0D5F0E82188CAE4008BFC97 /* RecordPosturalViewController.swift */,
				E0D5F0E62188CAE4008BFC97 /* RecordRestingViewController.swift */,
				E0FEE121217EB76B00C72D7C /* MainViewController.swift */,
				E0FEE14D217ECB4300C72D7C /* MeasureViewController.swift */,
				E0FEE151217ECCE900C72D7C /* ExerciseViewController.swift */,
				E0FEE153217ECD1000C72D7C /* MedicationViewController.swift */,
				A8F8A205218A56A30044342D /* DailyMedicationViewController.swift */,
				A50B2532218FAB4D0033AA48 /* AllExerciseViewController.swift */,
				A81150DD218E53BB005478EE /* AllMedicationViewController.swift */,
				A8F8A20D218A59170044342D /* DailyMedicationTableViewCell.swift */,
				A81150DF218E588E005478EE /* AllMedicationTableViewCell.swift */,
				80EF89CC2181638700872F5B /* InstructionsForTrackingViewController.swift */,
				E04F6FD22182979C000AF2F6 /* CountdownViewController.swift */,
				55D4D191218B7CAF00CB371C /* ViewDataViewController.swift */,
				55D4D193218B813100CB371C /* YearContainer.swift */,
				55D4D195218B888C00CB371C /* MonthContainer.swift */,
				55D4D198218B8AA600CB371C /* WeekContainer.swift */,
				55D4D19A218B94AA00CB371C /* WeekBarContainer.swift */,
				55D4D1AF218D991700CB371C /* MonthBarContainer.swift */,
				55D4D1B1218D9D9A00CB371C /* YearBarContainer.swift */,
			);
			path = ViewControllers;
			sourceTree = "<group>";
		};
		E0FF3F04218F9B4600877FE4 /* Products */ = {
			isa = PBXGroup;
			children = (
				E0FF3F0A218F9B4600877FE4 /* Charts.framework */,
				E0FF3F0C218F9B4600877FE4 /* ChartsTests.xctest */,
			);
			name = Products;
			sourceTree = "<group>";
		};
		E0FF3F07218F9B4600877FE4 /* Recovered References */ = {
			isa = PBXGroup;
			children = (
				E0B10343218B724600F0B96E /* Charts.framework */,
			);
			name = "Recovered References";
			sourceTree = "<group>";
		};
/* End PBXGroup section */

/* Begin PBXNativeTarget section */
		E0FEE11B217EB76B00C72D7C /* tremr */ = {
			isa = PBXNativeTarget;
			buildConfigurationList = E0FEE144217EB76D00C72D7C /* Build configuration list for PBXNativeTarget "tremr" */;
			buildPhases = (
				E0FEE118217EB76B00C72D7C /* Sources */,
				E0FEE119217EB76B00C72D7C /* Frameworks */,
				E0FEE11A217EB76B00C72D7C /* Resources */,
				E0BF93C521868FB30097767F /* Embed Frameworks */,
			);
			buildRules = (
			);
			dependencies = (
				E0BF93E7218692870097767F /* PBXTargetDependency */,
				E0B10356218B77D500F0B96E /* PBXTargetDependency */,
			);
			name = tremr;
			productName = tremr;
			productReference = E0FEE11C217EB76B00C72D7C /* tremr.app */;
			productType = "com.apple.product-type.application";
		};
		E0FEE12F217EB76D00C72D7C /* tremrTests */ = {
			isa = PBXNativeTarget;
			buildConfigurationList = E0FEE147217EB76D00C72D7C /* Build configuration list for PBXNativeTarget "tremrTests" */;
			buildPhases = (
				E0FEE12C217EB76D00C72D7C /* Sources */,
				E0FEE12D217EB76D00C72D7C /* Frameworks */,
				E0FEE12E217EB76D00C72D7C /* Resources */,
			);
			buildRules = (
			);
			dependencies = (
				E0FEE132217EB76D00C72D7C /* PBXTargetDependency */,
			);
			name = tremrTests;
			productName = tremrTests;
			productReference = E0FEE130217EB76D00C72D7C /* tremrTests.xctest */;
			productType = "com.apple.product-type.bundle.unit-test";
		};
		E0FEE13A217EB76D00C72D7C /* tremrUITests */ = {
			isa = PBXNativeTarget;
			buildConfigurationList = E0FEE14A217EB76D00C72D7C /* Build configuration list for PBXNativeTarget "tremrUITests" */;
			buildPhases = (
				E0FEE137217EB76D00C72D7C /* Sources */,
				E0FEE138217EB76D00C72D7C /* Frameworks */,
				E0FEE139217EB76D00C72D7C /* Resources */,
			);
			buildRules = (
			);
			dependencies = (
				E0FEE13D217EB76D00C72D7C /* PBXTargetDependency */,
			);
			name = tremrUITests;
			productName = tremrUITests;
			productReference = E0FEE13B217EB76D00C72D7C /* tremrUITests.xctest */;
			productType = "com.apple.product-type.bundle.ui-testing";
		};
/* End PBXNativeTarget section */

/* Begin PBXProject section */
		E0FEE114217EB76B00C72D7C /* Project object */ = {
			isa = PBXProject;
			attributes = {
				LastSwiftUpdateCheck = 0940;
				LastUpgradeCheck = 0940;
				ORGANIZATIONNAME = CO.DEsign;
				TargetAttributes = {
					E0FEE11B217EB76B00C72D7C = {
						CreatedOnToolsVersion = 9.4.1;
					};
					E0FEE12F217EB76D00C72D7C = {
						CreatedOnToolsVersion = 9.4.1;
						TestTargetID = E0FEE11B217EB76B00C72D7C;
					};
					E0FEE13A217EB76D00C72D7C = {
						CreatedOnToolsVersion = 9.4.1;
						TestTargetID = E0FEE11B217EB76B00C72D7C;
					};
				};
			};
			buildConfigurationList = E0FEE117217EB76B00C72D7C /* Build configuration list for PBXProject "tremr" */;
			compatibilityVersion = "Xcode 9.3";
			developmentRegion = en;
			hasScannedForEncodings = 0;
			knownRegions = (
				en,
				Base,
			);
			mainGroup = E0FEE113217EB76B00C72D7C;
			productRefGroup = E0FEE11D217EB76B00C72D7C /* Products */;
			projectDirPath = "";
			projectReferences = (
				{
					ProductGroup = E0FF3F04218F9B4600877FE4 /* Products */;
					ProjectRef = E0B1033D218B724600F0B96E /* Charts.xcodeproj */;
				},
				{
					ProductGroup = E0BF93C8218691E10097767F /* Products */;
					ProjectRef = E0BF93C7218691E10097767F /* SQLite.xcodeproj */;
				},
			);
			projectRoot = "";
			targets = (
				E0FEE11B217EB76B00C72D7C /* tremr */,
				E0FEE12F217EB76D00C72D7C /* tremrTests */,
				E0FEE13A217EB76D00C72D7C /* tremrUITests */,
			);
		};
/* End PBXProject section */

/* Begin PBXReferenceProxy section */
		E0B10343218B724600F0B96E /* Charts.framework */ = {
			isa = PBXReferenceProxy;
			fileType = wrapper.framework;
			path = Charts.framework;
			remoteRef = E0B10342218B724600F0B96E /* PBXContainerItemProxy */;
			sourceTree = BUILT_PRODUCTS_DIR;
		};
		E0BF93D2218691E10097767F /* SQLite.framework */ = {
			isa = PBXReferenceProxy;
			fileType = wrapper.framework;
			path = SQLite.framework;
			remoteRef = E0BF93D1218691E10097767F /* PBXContainerItemProxy */;
			sourceTree = BUILT_PRODUCTS_DIR;
		};
		E0BF93D4218691E10097767F /* SQLiteTests iOS.xctest */ = {
			isa = PBXReferenceProxy;
			fileType = wrapper.cfbundle;
			path = "SQLiteTests iOS.xctest";
			remoteRef = E0BF93D3218691E10097767F /* PBXContainerItemProxy */;
			sourceTree = BUILT_PRODUCTS_DIR;
		};
		E0BF93D6218691E10097767F /* SQLite.framework */ = {
			isa = PBXReferenceProxy;
			fileType = wrapper.framework;
			path = SQLite.framework;
			remoteRef = E0BF93D5218691E10097767F /* PBXContainerItemProxy */;
			sourceTree = BUILT_PRODUCTS_DIR;
		};
		E0BF93D8218691E10097767F /* SQLiteTests Mac.xctest */ = {
			isa = PBXReferenceProxy;
			fileType = wrapper.cfbundle;
			path = "SQLiteTests Mac.xctest";
			remoteRef = E0BF93D7218691E10097767F /* PBXContainerItemProxy */;
			sourceTree = BUILT_PRODUCTS_DIR;
		};
		E0BF93DA218691E10097767F /* SQLite.framework */ = {
			isa = PBXReferenceProxy;
			fileType = wrapper.framework;
			path = SQLite.framework;
			remoteRef = E0BF93D9218691E10097767F /* PBXContainerItemProxy */;
			sourceTree = BUILT_PRODUCTS_DIR;
		};
		E0BF93DC218691E10097767F /* SQLiteTests tvOS.xctest */ = {
			isa = PBXReferenceProxy;
			fileType = wrapper.cfbundle;
			path = "SQLiteTests tvOS.xctest";
			remoteRef = E0BF93DB218691E10097767F /* PBXContainerItemProxy */;
			sourceTree = BUILT_PRODUCTS_DIR;
		};
		E0BF93DE218691E10097767F /* SQLite.framework */ = {
			isa = PBXReferenceProxy;
			fileType = wrapper.framework;
			path = SQLite.framework;
			remoteRef = E0BF93DD218691E10097767F /* PBXContainerItemProxy */;
			sourceTree = BUILT_PRODUCTS_DIR;
		};
		E0FF3F0A218F9B4600877FE4 /* Charts.framework */ = {
			isa = PBXReferenceProxy;
			fileType = wrapper.framework;
			path = Charts.framework;
			remoteRef = E0FF3F09218F9B4600877FE4 /* PBXContainerItemProxy */;
			sourceTree = BUILT_PRODUCTS_DIR;
		};
		E0FF3F0C218F9B4600877FE4 /* ChartsTests.xctest */ = {
			isa = PBXReferenceProxy;
			fileType = wrapper.cfbundle;
			path = ChartsTests.xctest;
			remoteRef = E0FF3F0B218F9B4600877FE4 /* PBXContainerItemProxy */;
			sourceTree = BUILT_PRODUCTS_DIR;
		};
/* End PBXReferenceProxy section */

/* Begin PBXResourcesBuildPhase section */
		E0FEE11A217EB76B00C72D7C /* Resources */ = {
			isa = PBXResourcesBuildPhase;
			buildActionMask = 2147483647;
			files = (
				E0FEE12A217EB76D00C72D7C /* LaunchScreen.storyboard in Resources */,
				A5B4C6A32183D65700A71E9B /* Exercise.storyboard in Resources */,
				E0FEE127217EB76D00C72D7C /* Assets.xcassets in Resources */,
				E0FEE125217EB76B00C72D7C /* Main.storyboard in Resources */,
				A5B4C6A12183D63B00A71E9B /* Measure.storyboard in Resources */,
				A5B4C6A82183D68000A71E9B /* Medicine.storyboard in Resources */,
				E0B1033C218B720D00F0B96E /* libraries in Resources */,
				A5B4C6A62183D67000A71E9B /* ViewData.storyboard in Resources */,
			);
			runOnlyForDeploymentPostprocessing = 0;
		};
		E0FEE12E217EB76D00C72D7C /* Resources */ = {
			isa = PBXResourcesBuildPhase;
			buildActionMask = 2147483647;
			files = (
			);
			runOnlyForDeploymentPostprocessing = 0;
		};
		E0FEE139217EB76D00C72D7C /* Resources */ = {
			isa = PBXResourcesBuildPhase;
			buildActionMask = 2147483647;
			files = (
			);
			runOnlyForDeploymentPostprocessing = 0;
		};
/* End PBXResourcesBuildPhase section */

/* Begin PBXSourcesBuildPhase section */
		E0FEE118217EB76B00C72D7C /* Sources */ = {
			isa = PBXSourcesBuildPhase;
			buildActionMask = 2147483647;
			files = (
				55D4D1B2218D9D9A00CB371C /* YearBarContainer.swift in Sources */,
				E0FEE14E217ECB4300C72D7C /* MeasureViewController.swift in Sources */,
				E0FEE122217EB76B00C72D7C /* MainViewController.swift in Sources */,
				E0FEE154217ECD1000C72D7C /* MedicationViewController.swift in Sources */,
				55D4D194218B813100CB371C /* YearContainer.swift in Sources */,
				55D4D1B0218D991700CB371C /* MonthBarContainer.swift in Sources */,
				55D4D196218B888C00CB371C /* MonthContainer.swift in Sources */,
				55D4D192218B7CAF00CB371C /* ViewDataViewController.swift in Sources */,
				E0BF93E2218692640097767F /* types.swift in Sources */,
				A50B2533218FAB4D0033AA48 /* AllExerciseViewController.swift in Sources */,
				A50B2535218FAE920033AA48 /* AllExerciseTableViewCell.swift in Sources */,
				A81150DE218E53BB005478EE /* AllMedicationViewController.swift in Sources */,
				A5E1D110218955D3001D8814 /* ToggleButton.swift in Sources */,
				E0D5F0E92188CAE4008BFC97 /* RecordRestingViewController.swift in Sources */,
				A50B2531218FA6F10033AA48 /* DailyExerciseTableViewCell.swift in Sources */,
				E0D5F0EA2188CAE4008BFC97 /* DisplaySeverityViewController.swift in Sources */,
				80EF89CD2181638700872F5B /* InstructionsForTrackingViewController.swift in Sources */,
				E0D5F0EB2188CAE4008BFC97 /* RecordPosturalViewController.swift in Sources */,
				E0D5F0E52188CA32008BFC97 /* TremorController.swift in Sources */,
				A81150E0218E588E005478EE /* AllMedicationTableViewCell.swift in Sources */,
				A50B2529218F9D610033AA48 /* DailyExerciseViewController.swift in Sources */,
				E04F6FD32182979C000AF2F6 /* CountdownViewController.swift in Sources */,
				80EF89CB21814DA400872F5B /* MotionObserver.swift in Sources */,
				E0FEE152217ECCE900C72D7C /* ExerciseViewController.swift in Sources */,
				A8F8A206218A56A30044342D /* DailyMedicationViewController.swift in Sources */,
				55D4D199218B8AA600CB371C /* WeekContainer.swift in Sources */,
				55D4D19B218B94AA00CB371C /* WeekBarContainer.swift in Sources */,
				E0FEE120217EB76B00C72D7C /* AppDelegate.swift in Sources */,
				A8F8A20E218A59170044342D /* DailyMedicationTableViewCell.swift in Sources */,
				E0BF93E1218692640097767F /* DatabaseManager.swift in Sources */,
			);
			runOnlyForDeploymentPostprocessing = 0;
		};
		E0FEE12C217EB76D00C72D7C /* Sources */ = {
			isa = PBXSourcesBuildPhase;
			buildActionMask = 2147483647;
			files = (
				A83CF0B6218D4995002C3E50 /* MedicationTests.swift in Sources */,
				E0FEE135217EB76D00C72D7C /* tremrTests.swift in Sources */,
			);
			runOnlyForDeploymentPostprocessing = 0;
		};
		E0FEE137217EB76D00C72D7C /* Sources */ = {
			isa = PBXSourcesBuildPhase;
			buildActionMask = 2147483647;
			files = (
				E0FEE140217EB76D00C72D7C /* tremrUITests.swift in Sources */,
			);
			runOnlyForDeploymentPostprocessing = 0;
		};
/* End PBXSourcesBuildPhase section */

/* Begin PBXTargetDependency section */
		E0B10356218B77D500F0B96E /* PBXTargetDependency */ = {
			isa = PBXTargetDependency;
			name = Charts;
			targetProxy = E0B10355218B77D500F0B96E /* PBXContainerItemProxy */;
		};
		E0BF93E7218692870097767F /* PBXTargetDependency */ = {
			isa = PBXTargetDependency;
			name = "SQLite iOS";
			targetProxy = E0BF93E6218692870097767F /* PBXContainerItemProxy */;
		};
		E0FEE132217EB76D00C72D7C /* PBXTargetDependency */ = {
			isa = PBXTargetDependency;
			target = E0FEE11B217EB76B00C72D7C /* tremr */;
			targetProxy = E0FEE131217EB76D00C72D7C /* PBXContainerItemProxy */;
		};
		E0FEE13D217EB76D00C72D7C /* PBXTargetDependency */ = {
			isa = PBXTargetDependency;
			target = E0FEE11B217EB76B00C72D7C /* tremr */;
			targetProxy = E0FEE13C217EB76D00C72D7C /* PBXContainerItemProxy */;
		};
/* End PBXTargetDependency section */

/* Begin PBXVariantGroup section */
		A5B4C69F2183D63B00A71E9B /* Measure.storyboard */ = {
			isa = PBXVariantGroup;
			children = (
				A5B4C6A02183D63B00A71E9B /* Base */,
			);
			name = Measure.storyboard;
			sourceTree = "<group>";
		};
		A5B4C6A42183D67000A71E9B /* ViewData.storyboard */ = {
			isa = PBXVariantGroup;
			children = (
				A5B4C6A52183D67000A71E9B /* Base */,
			);
			name = ViewData.storyboard;
			sourceTree = "<group>";
		};
		E0FEE123217EB76B00C72D7C /* Main.storyboard */ = {
			isa = PBXVariantGroup;
			children = (
				E0FEE124217EB76B00C72D7C /* Base */,
			);
			name = Main.storyboard;
			sourceTree = "<group>";
		};
		E0FEE128217EB76D00C72D7C /* LaunchScreen.storyboard */ = {
			isa = PBXVariantGroup;
			children = (
				E0FEE129217EB76D00C72D7C /* Base */,
			);
			name = LaunchScreen.storyboard;
			sourceTree = "<group>";
		};
/* End PBXVariantGroup section */

/* Begin XCBuildConfiguration section */
		E0FEE142217EB76D00C72D7C /* Debug */ = {
			isa = XCBuildConfiguration;
			buildSettings = {
				ALWAYS_SEARCH_USER_PATHS = NO;
				CLANG_ANALYZER_NONNULL = YES;
				CLANG_ANALYZER_NUMBER_OBJECT_CONVERSION = YES_AGGRESSIVE;
				CLANG_CXX_LANGUAGE_STANDARD = "gnu++14";
				CLANG_CXX_LIBRARY = "libc++";
				CLANG_ENABLE_MODULES = YES;
				CLANG_ENABLE_OBJC_ARC = YES;
				CLANG_ENABLE_OBJC_WEAK = YES;
				CLANG_WARN_BLOCK_CAPTURE_AUTORELEASING = YES;
				CLANG_WARN_BOOL_CONVERSION = YES;
				CLANG_WARN_COMMA = YES;
				CLANG_WARN_CONSTANT_CONVERSION = YES;
				CLANG_WARN_DEPRECATED_OBJC_IMPLEMENTATIONS = YES;
				CLANG_WARN_DIRECT_OBJC_ISA_USAGE = YES_ERROR;
				CLANG_WARN_DOCUMENTATION_COMMENTS = YES;
				CLANG_WARN_EMPTY_BODY = YES;
				CLANG_WARN_ENUM_CONVERSION = YES;
				CLANG_WARN_INFINITE_RECURSION = YES;
				CLANG_WARN_INT_CONVERSION = YES;
				CLANG_WARN_NON_LITERAL_NULL_CONVERSION = YES;
				CLANG_WARN_OBJC_IMPLICIT_RETAIN_SELF = YES;
				CLANG_WARN_OBJC_LITERAL_CONVERSION = YES;
				CLANG_WARN_OBJC_ROOT_CLASS = YES_ERROR;
				CLANG_WARN_RANGE_LOOP_ANALYSIS = YES;
				CLANG_WARN_STRICT_PROTOTYPES = YES;
				CLANG_WARN_SUSPICIOUS_MOVE = YES;
				CLANG_WARN_UNGUARDED_AVAILABILITY = YES_AGGRESSIVE;
				CLANG_WARN_UNREACHABLE_CODE = YES;
				CLANG_WARN__DUPLICATE_METHOD_MATCH = YES;
				CODE_SIGN_IDENTITY = "iPhone Developer";
				COPY_PHASE_STRIP = NO;
				DEBUG_INFORMATION_FORMAT = dwarf;
				ENABLE_STRICT_OBJC_MSGSEND = YES;
				ENABLE_TESTABILITY = YES;
				GCC_C_LANGUAGE_STANDARD = gnu11;
				GCC_DYNAMIC_NO_PIC = NO;
				GCC_NO_COMMON_BLOCKS = YES;
				GCC_OPTIMIZATION_LEVEL = 0;
				GCC_PREPROCESSOR_DEFINITIONS = (
					"DEBUG=1",
					"$(inherited)",
				);
				GCC_WARN_64_TO_32_BIT_CONVERSION = YES;
				GCC_WARN_ABOUT_RETURN_TYPE = YES_ERROR;
				GCC_WARN_UNDECLARED_SELECTOR = YES;
				GCC_WARN_UNINITIALIZED_AUTOS = YES_AGGRESSIVE;
				GCC_WARN_UNUSED_FUNCTION = YES;
				GCC_WARN_UNUSED_VARIABLE = YES;
				IPHONEOS_DEPLOYMENT_TARGET = 11.4;
				MTL_ENABLE_DEBUG_INFO = YES;
				ONLY_ACTIVE_ARCH = YES;
				SDKROOT = iphoneos;
				SWIFT_ACTIVE_COMPILATION_CONDITIONS = DEBUG;
				SWIFT_OPTIMIZATION_LEVEL = "-Onone";
			};
			name = Debug;
		};
		E0FEE143217EB76D00C72D7C /* Release */ = {
			isa = XCBuildConfiguration;
			buildSettings = {
				ALWAYS_SEARCH_USER_PATHS = NO;
				CLANG_ANALYZER_NONNULL = YES;
				CLANG_ANALYZER_NUMBER_OBJECT_CONVERSION = YES_AGGRESSIVE;
				CLANG_CXX_LANGUAGE_STANDARD = "gnu++14";
				CLANG_CXX_LIBRARY = "libc++";
				CLANG_ENABLE_MODULES = YES;
				CLANG_ENABLE_OBJC_ARC = YES;
				CLANG_ENABLE_OBJC_WEAK = YES;
				CLANG_WARN_BLOCK_CAPTURE_AUTORELEASING = YES;
				CLANG_WARN_BOOL_CONVERSION = YES;
				CLANG_WARN_COMMA = YES;
				CLANG_WARN_CONSTANT_CONVERSION = YES;
				CLANG_WARN_DEPRECATED_OBJC_IMPLEMENTATIONS = YES;
				CLANG_WARN_DIRECT_OBJC_ISA_USAGE = YES_ERROR;
				CLANG_WARN_DOCUMENTATION_COMMENTS = YES;
				CLANG_WARN_EMPTY_BODY = YES;
				CLANG_WARN_ENUM_CONVERSION = YES;
				CLANG_WARN_INFINITE_RECURSION = YES;
				CLANG_WARN_INT_CONVERSION = YES;
				CLANG_WARN_NON_LITERAL_NULL_CONVERSION = YES;
				CLANG_WARN_OBJC_IMPLICIT_RETAIN_SELF = YES;
				CLANG_WARN_OBJC_LITERAL_CONVERSION = YES;
				CLANG_WARN_OBJC_ROOT_CLASS = YES_ERROR;
				CLANG_WARN_RANGE_LOOP_ANALYSIS = YES;
				CLANG_WARN_STRICT_PROTOTYPES = YES;
				CLANG_WARN_SUSPICIOUS_MOVE = YES;
				CLANG_WARN_UNGUARDED_AVAILABILITY = YES_AGGRESSIVE;
				CLANG_WARN_UNREACHABLE_CODE = YES;
				CLANG_WARN__DUPLICATE_METHOD_MATCH = YES;
				CODE_SIGN_IDENTITY = "iPhone Developer";
				COPY_PHASE_STRIP = NO;
				DEBUG_INFORMATION_FORMAT = "dwarf-with-dsym";
				ENABLE_NS_ASSERTIONS = NO;
				ENABLE_STRICT_OBJC_MSGSEND = YES;
				GCC_C_LANGUAGE_STANDARD = gnu11;
				GCC_NO_COMMON_BLOCKS = YES;
				GCC_WARN_64_TO_32_BIT_CONVERSION = YES;
				GCC_WARN_ABOUT_RETURN_TYPE = YES_ERROR;
				GCC_WARN_UNDECLARED_SELECTOR = YES;
				GCC_WARN_UNINITIALIZED_AUTOS = YES_AGGRESSIVE;
				GCC_WARN_UNUSED_FUNCTION = YES;
				GCC_WARN_UNUSED_VARIABLE = YES;
				IPHONEOS_DEPLOYMENT_TARGET = 11.4;
				MTL_ENABLE_DEBUG_INFO = NO;
				SDKROOT = iphoneos;
				SWIFT_COMPILATION_MODE = wholemodule;
				SWIFT_OPTIMIZATION_LEVEL = "-O";
				VALIDATE_PRODUCT = YES;
			};
			name = Release;
		};
		E0FEE145217EB76D00C72D7C /* Debug */ = {
			isa = XCBuildConfiguration;
			buildSettings = {
				ALWAYS_EMBED_SWIFT_STANDARD_LIBRARIES = YES;
				ASSETCATALOG_COMPILER_APPICON_NAME = AppIcon;
				CODE_SIGN_IDENTITY = "iPhone Developer";
				CODE_SIGN_STYLE = Automatic;
				DEVELOPMENT_TEAM = Z2GEL28KXD;
				INFOPLIST_FILE = tremr/Info.plist;
				LD_RUNPATH_SEARCH_PATHS = (
					"$(inherited)",
					"@executable_path/Frameworks",
				);
				PRODUCT_BUNDLE_IDENTIFIER = codesign.tremr;
				PRODUCT_NAME = "$(TARGET_NAME)";
				PROVISIONING_PROFILE_SPECIFIER = "";
				SWIFT_VERSION = 4.0;
				TARGETED_DEVICE_FAMILY = "1,2";
			};
			name = Debug;
		};
		E0FEE146217EB76D00C72D7C /* Release */ = {
			isa = XCBuildConfiguration;
			buildSettings = {
				ALWAYS_EMBED_SWIFT_STANDARD_LIBRARIES = YES;
				ASSETCATALOG_COMPILER_APPICON_NAME = AppIcon;
				CODE_SIGN_IDENTITY = "iPhone Developer";
				CODE_SIGN_STYLE = Automatic;
				DEVELOPMENT_TEAM = Z2GEL28KXD;
				INFOPLIST_FILE = tremr/Info.plist;
				LD_RUNPATH_SEARCH_PATHS = (
					"$(inherited)",
					"@executable_path/Frameworks",
				);
				PRODUCT_BUNDLE_IDENTIFIER = codesign.tremr;
				PRODUCT_NAME = "$(TARGET_NAME)";
				PROVISIONING_PROFILE_SPECIFIER = "";
				SWIFT_VERSION = 4.0;
				TARGETED_DEVICE_FAMILY = "1,2";
			};
			name = Release;
		};
		E0FEE148217EB76D00C72D7C /* Debug */ = {
			isa = XCBuildConfiguration;
			buildSettings = {
				ALWAYS_EMBED_SWIFT_STANDARD_LIBRARIES = YES;
				BUNDLE_LOADER = "$(TEST_HOST)";
				CODE_SIGN_STYLE = Automatic;
				INFOPLIST_FILE = tremrTests/Info.plist;
				LD_RUNPATH_SEARCH_PATHS = (
					"$(inherited)",
					"@executable_path/Frameworks",
					"@loader_path/Frameworks",
				);
				PRODUCT_BUNDLE_IDENTIFIER = codesign.tremrTests;
				PRODUCT_NAME = "$(TARGET_NAME)";
				SWIFT_VERSION = 4.0;
				TARGETED_DEVICE_FAMILY = "1,2";
				TEST_HOST = "$(BUILT_PRODUCTS_DIR)/tremr.app/tremr";
			};
			name = Debug;
		};
		E0FEE149217EB76D00C72D7C /* Release */ = {
			isa = XCBuildConfiguration;
			buildSettings = {
				ALWAYS_EMBED_SWIFT_STANDARD_LIBRARIES = YES;
				BUNDLE_LOADER = "$(TEST_HOST)";
				CODE_SIGN_STYLE = Automatic;
				INFOPLIST_FILE = tremrTests/Info.plist;
				LD_RUNPATH_SEARCH_PATHS = (
					"$(inherited)",
					"@executable_path/Frameworks",
					"@loader_path/Frameworks",
				);
				PRODUCT_BUNDLE_IDENTIFIER = codesign.tremrTests;
				PRODUCT_NAME = "$(TARGET_NAME)";
				SWIFT_VERSION = 4.0;
				TARGETED_DEVICE_FAMILY = "1,2";
				TEST_HOST = "$(BUILT_PRODUCTS_DIR)/tremr.app/tremr";
			};
			name = Release;
		};
		E0FEE14B217EB76D00C72D7C /* Debug */ = {
			isa = XCBuildConfiguration;
			buildSettings = {
				ALWAYS_EMBED_SWIFT_STANDARD_LIBRARIES = YES;
				CODE_SIGN_STYLE = Automatic;
				INFOPLIST_FILE = tremrUITests/Info.plist;
				LD_RUNPATH_SEARCH_PATHS = (
					"$(inherited)",
					"@executable_path/Frameworks",
					"@loader_path/Frameworks",
				);
				PRODUCT_BUNDLE_IDENTIFIER = codesign.tremrUITests;
				PRODUCT_NAME = "$(TARGET_NAME)";
				SWIFT_VERSION = 4.0;
				TARGETED_DEVICE_FAMILY = "1,2";
				TEST_TARGET_NAME = tremr;
			};
			name = Debug;
		};
		E0FEE14C217EB76D00C72D7C /* Release */ = {
			isa = XCBuildConfiguration;
			buildSettings = {
				ALWAYS_EMBED_SWIFT_STANDARD_LIBRARIES = YES;
				CODE_SIGN_STYLE = Automatic;
				INFOPLIST_FILE = tremrUITests/Info.plist;
				LD_RUNPATH_SEARCH_PATHS = (
					"$(inherited)",
					"@executable_path/Frameworks",
					"@loader_path/Frameworks",
				);
				PRODUCT_BUNDLE_IDENTIFIER = codesign.tremrUITests;
				PRODUCT_NAME = "$(TARGET_NAME)";
				SWIFT_VERSION = 4.0;
				TARGETED_DEVICE_FAMILY = "1,2";
				TEST_TARGET_NAME = tremr;
			};
			name = Release;
		};
/* End XCBuildConfiguration section */

/* Begin XCConfigurationList section */
		E0FEE117217EB76B00C72D7C /* Build configuration list for PBXProject "tremr" */ = {
			isa = XCConfigurationList;
			buildConfigurations = (
				E0FEE142217EB76D00C72D7C /* Debug */,
				E0FEE143217EB76D00C72D7C /* Release */,
			);
			defaultConfigurationIsVisible = 0;
			defaultConfigurationName = Release;
		};
		E0FEE144217EB76D00C72D7C /* Build configuration list for PBXNativeTarget "tremr" */ = {
			isa = XCConfigurationList;
			buildConfigurations = (
				E0FEE145217EB76D00C72D7C /* Debug */,
				E0FEE146217EB76D00C72D7C /* Release */,
			);
			defaultConfigurationIsVisible = 0;
			defaultConfigurationName = Release;
		};
		E0FEE147217EB76D00C72D7C /* Build configuration list for PBXNativeTarget "tremrTests" */ = {
			isa = XCConfigurationList;
			buildConfigurations = (
				E0FEE148217EB76D00C72D7C /* Debug */,
				E0FEE149217EB76D00C72D7C /* Release */,
			);
			defaultConfigurationIsVisible = 0;
			defaultConfigurationName = Release;
		};
		E0FEE14A217EB76D00C72D7C /* Build configuration list for PBXNativeTarget "tremrUITests" */ = {
			isa = XCConfigurationList;
			buildConfigurations = (
				E0FEE14B217EB76D00C72D7C /* Debug */,
				E0FEE14C217EB76D00C72D7C /* Release */,
			);
			defaultConfigurationIsVisible = 0;
			defaultConfigurationName = Release;
		};
/* End XCConfigurationList section */
	};
	rootObject = E0FEE114217EB76B00C72D7C /* Project object */;
}
